
Microsoft Visual Studio Solution File, Format Version 12.00
# Visual Studio 2012
Project("{FAE04EC0-301F-11D3-BF4B-00C04F79EFBC}") = "FirmaLib", "FirmaLib\FirmaLib.csproj", "{278DBF5C-C22C-4B85-9EBD-D8E79905212B}"
EndProject
Project("{FAE04EC0-301F-11D3-BF4B-00C04F79EFBC}") = "AriFacElec", "AriFacElec\AriFacElec.csproj", "{7742DEC6-D095-43F4-9F24-81BF070B4B5D}"
EndProject
Project("{FAE04EC0-301F-11D3-BF4B-00C04F79EFBC}") = "FacElecLib", "FacElecLib\FacElecLib.csproj", "{2F89C5FC-DBDB-48BF-A9CB-691F1346A9F2}"
EndProject
Project("{FAE04EC0-301F-11D3-BF4B-00C04F79EFBC}") = "FacturaE", "FacturaE\FacturaE.csproj", "{9CE7B523-59DF-41FB-971C-209333EC894C}"
EndProject
Project("{FAE04EC0-301F-11D3-BF4B-00C04F79EFBC}") = "DatosFacturaLib", "DatosFacturaLib\DatosFacturaLib.csproj", "{D46B1236-226C-4C8E-AE12-515BFEB96CA4}"
EndProject
Project("{FAE04EC0-301F-11D3-BF4B-00C04F79EFBC}") = "AriFtp", "AriFtp\AriFtp.csproj", "{25805C34-A67D-4692-8F85-093A65FCE913}"
EndProject
Project("{FAE04EC0-301F-11D3-BF4B-00C04F79EFBC}") = "AriFacEleWiS", "AriFacEleWiS\AriFacEleWiS.csproj", "{5927D730-4BAE-4AD0-A5D9-C6A8FA1C6D3E}"
EndProject
Project("{FAE04EC0-301F-11D3-BF4B-00C04F79EFBC}") = "AriGasolModel", "AriGasolModel\AriGasolModel.csproj", "{05112523-7ED6-4744-812F-F55C5F9B9301}"
EndProject
Project("{E24C65DC-7377-472B-9ABA-BC803B73C61A}") = "FacElecWeb", "FacElecWeb\", "{C60293C0-514C-4AB1-88BC-4BCFAABCF42E}"
	ProjectSection(WebsiteProperties) = preProject
		TargetFrameworkMoniker = ".NETFramework,Version%3Dv4.0"
		ProjectReferences = "{D46B1236-226C-4C8E-AE12-515BFEB96CA4}|DatosFacturaLib.dll;{7742DEC6-D095-43F4-9F24-81BF070B4B5D}|AriFacElec.dll;{05112523-7ED6-4744-812F-F55C5F9B9301}|AriGasolModel.dll;{1065FF41-D215-4A01-A709-6A352958461C}|AriAgroModel.dll;{120701E0-B389-4AED-9D35-6248712C2FDA}|AriTaxiModel.dll;"
		Debug.AspNetCompiler.VirtualPath = "/FacElecWeb"
		Debug.AspNetCompiler.PhysicalPath = "FacElecWeb\"
		Debug.AspNetCompiler.TargetPath = "PrecompiledWeb\FacElecWeb\"
		Debug.AspNetCompiler.Updateable = "true"
		Debug.AspNetCompiler.ForceOverwrite = "true"
		Debug.AspNetCompiler.FixedNames = "false"
		Debug.AspNetCompiler.Debug = "True"
		Release.AspNetCompiler.VirtualPath = "/FacElecWeb"
		Release.AspNetCompiler.PhysicalPath = "FacElecWeb\"
		Release.AspNetCompiler.TargetPath = "PrecompiledWeb\FacElecWeb\"
		Release.AspNetCompiler.Updateable = "true"
		Release.AspNetCompiler.ForceOverwrite = "true"
		Release.AspNetCompiler.FixedNames = "false"
		Release.AspNetCompiler.Debug = "False"
		VWDPort = "62727"
	EndProjectSection
EndProject
Project("{FAE04EC0-301F-11D3-BF4B-00C04F79EFBC}") = "AriAgroModel", "AriAgroModel\AriAgroModel.csproj", "{1065FF41-D215-4A01-A709-6A352958461C}"
EndProject
Project("{FAE04EC0-301F-11D3-BF4B-00C04F79EFBC}") = "AriTaxiModel", "AriTaxiModel\AriTaxiModel.csproj", "{120701E0-B389-4AED-9D35-6248712C2FDA}"
EndProject
Project("{FAE04EC0-301F-11D3-BF4B-00C04F79EFBC}") = "GdesModel", "GdesModel\GdesModel.csproj", "{365E45B9-ECEB-486B-A0A6-11CBBE12661F}"
EndProject
Project("{6141683F-8A12-4E36-9623-2EB02B2C2303}") = "ServiceSetup", "AriFacServiceSetup\ServiceSetup\ServiceSetup.isproj", "{45AD1FD2-0CDE-41A0-B5F5-F2A51E1A9B48}"
EndProject
Global
	GlobalSection(SolutionConfigurationPlatforms) = preSolution
		CD_ROM|Any CPU = CD_ROM|Any CPU
		CD_ROM|Mixed Platforms = CD_ROM|Mixed Platforms
		CD_ROM|x86 = CD_ROM|x86
		Debug|Any CPU = Debug|Any CPU
		Debug|Mixed Platforms = Debug|Mixed Platforms
		Debug|x86 = Debug|x86
		DVD-5|Any CPU = DVD-5|Any CPU
		DVD-5|Mixed Platforms = DVD-5|Mixed Platforms
		DVD-5|x86 = DVD-5|x86
		Release|Any CPU = Release|Any CPU
		Release|Mixed Platforms = Release|Mixed Platforms
		Release|x86 = Release|x86
		SingleImage|Any CPU = SingleImage|Any CPU
		SingleImage|Mixed Platforms = SingleImage|Mixed Platforms
		SingleImage|x86 = SingleImage|x86
	EndGlobalSection
	GlobalSection(ProjectConfigurationPlatforms) = postSolution
		{278DBF5C-C22C-4B85-9EBD-D8E79905212B}.CD_ROM|Any CPU.ActiveCfg = Release|Any CPU
		{278DBF5C-C22C-4B85-9EBD-D8E79905212B}.CD_ROM|Any CPU.Build.0 = Release|Any CPU
		{278DBF5C-C22C-4B85-9EBD-D8E79905212B}.CD_ROM|Mixed Platforms.ActiveCfg = Release|Any CPU
		{278DBF5C-C22C-4B85-9EBD-D8E79905212B}.CD_ROM|Mixed Platforms.Build.0 = Release|Any CPU
		{278DBF5C-C22C-4B85-9EBD-D8E79905212B}.CD_ROM|x86.ActiveCfg = Release|Any CPU
		{278DBF5C-C22C-4B85-9EBD-D8E79905212B}.Debug|Any CPU.ActiveCfg = Debug|Any CPU
		{278DBF5C-C22C-4B85-9EBD-D8E79905212B}.Debug|Any CPU.Build.0 = Debug|Any CPU
		{278DBF5C-C22C-4B85-9EBD-D8E79905212B}.Debug|Mixed Platforms.ActiveCfg = Debug|Any CPU
		{278DBF5C-C22C-4B85-9EBD-D8E79905212B}.Debug|Mixed Platforms.Build.0 = Debug|Any CPU
		{278DBF5C-C22C-4B85-9EBD-D8E79905212B}.Debug|x86.ActiveCfg = Debug|Any CPU
		{278DBF5C-C22C-4B85-9EBD-D8E79905212B}.DVD-5|Any CPU.ActiveCfg = Debug|Any CPU
		{278DBF5C-C22C-4B85-9EBD-D8E79905212B}.DVD-5|Any CPU.Build.0 = Debug|Any CPU
		{278DBF5C-C22C-4B85-9EBD-D8E79905212B}.DVD-5|Mixed Platforms.ActiveCfg = Debug|Any CPU
		{278DBF5C-C22C-4B85-9EBD-D8E79905212B}.DVD-5|Mixed Platforms.Build.0 = Debug|Any CPU
		{278DBF5C-C22C-4B85-9EBD-D8E79905212B}.DVD-5|x86.ActiveCfg = Debug|Any CPU
		{278DBF5C-C22C-4B85-9EBD-D8E79905212B}.Release|Any CPU.ActiveCfg = Release|Any CPU
		{278DBF5C-C22C-4B85-9EBD-D8E79905212B}.Release|Any CPU.Build.0 = Release|Any CPU
		{278DBF5C-C22C-4B85-9EBD-D8E79905212B}.Release|Mixed Platforms.ActiveCfg = Release|Any CPU
		{278DBF5C-C22C-4B85-9EBD-D8E79905212B}.Release|Mixed Platforms.Build.0 = Release|Any CPU
		{278DBF5C-C22C-4B85-9EBD-D8E79905212B}.Release|x86.ActiveCfg = Release|Any CPU
		{278DBF5C-C22C-4B85-9EBD-D8E79905212B}.SingleImage|Any CPU.ActiveCfg = Release|Any CPU
		{278DBF5C-C22C-4B85-9EBD-D8E79905212B}.SingleImage|Any CPU.Build.0 = Release|Any CPU
		{278DBF5C-C22C-4B85-9EBD-D8E79905212B}.SingleImage|Mixed Platforms.ActiveCfg = Release|Any CPU
		{278DBF5C-C22C-4B85-9EBD-D8E79905212B}.SingleImage|Mixed Platforms.Build.0 = Release|Any CPU
		{278DBF5C-C22C-4B85-9EBD-D8E79905212B}.SingleImage|x86.ActiveCfg = Release|Any CPU
		{7742DEC6-D095-43F4-9F24-81BF070B4B5D}.CD_ROM|Any CPU.ActiveCfg = Release|Any CPU
		{7742DEC6-D095-43F4-9F24-81BF070B4B5D}.CD_ROM|Any CPU.Build.0 = Release|Any CPU
		{7742DEC6-D095-43F4-9F24-81BF070B4B5D}.CD_ROM|Mixed Platforms.ActiveCfg = Release|Any CPU
		{7742DEC6-D095-43F4-9F24-81BF070B4B5D}.CD_ROM|Mixed Platforms.Build.0 = Release|Any CPU
		{7742DEC6-D095-43F4-9F24-81BF070B4B5D}.CD_ROM|x86.ActiveCfg = Release|Any CPU
		{7742DEC6-D095-43F4-9F24-81BF070B4B5D}.Debug|Any CPU.ActiveCfg = Debug|Any CPU
		{7742DEC6-D095-43F4-9F24-81BF070B4B5D}.Debug|Any CPU.Build.0 = Debug|Any CPU
		{7742DEC6-D095-43F4-9F24-81BF070B4B5D}.Debug|Mixed Platforms.ActiveCfg = Debug|Any CPU
		{7742DEC6-D095-43F4-9F24-81BF070B4B5D}.Debug|Mixed Platforms.Build.0 = Debug|Any CPU
		{7742DEC6-D095-43F4-9F24-81BF070B4B5D}.Debug|x86.ActiveCfg = Debug|Any CPU
		{7742DEC6-D095-43F4-9F24-81BF070B4B5D}.DVD-5|Any CPU.ActiveCfg = Debug|Any CPU
		{7742DEC6-D095-43F4-9F24-81BF070B4B5D}.DVD-5|Any CPU.Build.0 = Debug|Any CPU
		{7742DEC6-D095-43F4-9F24-81BF070B4B5D}.DVD-5|Mixed Platforms.ActiveCfg = Debug|Any CPU
		{7742DEC6-D095-43F4-9F24-81BF070B4B5D}.DVD-5|Mixed Platforms.Build.0 = Debug|Any CPU
		{7742DEC6-D095-43F4-9F24-81BF070B4B5D}.DVD-5|x86.ActiveCfg = Debug|Any CPU
		{7742DEC6-D095-43F4-9F24-81BF070B4B5D}.Release|Any CPU.ActiveCfg = Release|Any CPU
		{7742DEC6-D095-43F4-9F24-81BF070B4B5D}.Release|Any CPU.Build.0 = Release|Any CPU
		{7742DEC6-D095-43F4-9F24-81BF070B4B5D}.Release|Mixed Platforms.ActiveCfg = Release|Any CPU
		{7742DEC6-D095-43F4-9F24-81BF070B4B5D}.Release|Mixed Platforms.Build.0 = Release|Any CPU
		{7742DEC6-D095-43F4-9F24-81BF070B4B5D}.Release|x86.ActiveCfg = Release|Any CPU
		{7742DEC6-D095-43F4-9F24-81BF070B4B5D}.SingleImage|Any CPU.ActiveCfg = Release|Any CPU
		{7742DEC6-D095-43F4-9F24-81BF070B4B5D}.SingleImage|Any CPU.Build.0 = Release|Any CPU
		{7742DEC6-D095-43F4-9F24-81BF070B4B5D}.SingleImage|Mixed Platforms.ActiveCfg = Release|Any CPU
		{7742DEC6-D095-43F4-9F24-81BF070B4B5D}.SingleImage|Mixed Platforms.Build.0 = Release|Any CPU
		{7742DEC6-D095-43F4-9F24-81BF070B4B5D}.SingleImage|x86.ActiveCfg = Release|Any CPU
		{2F89C5FC-DBDB-48BF-A9CB-691F1346A9F2}.CD_ROM|Any CPU.ActiveCfg = Release|Any CPU
		{2F89C5FC-DBDB-48BF-A9CB-691F1346A9F2}.CD_ROM|Any CPU.Build.0 = Release|Any CPU
		{2F89C5FC-DBDB-48BF-A9CB-691F1346A9F2}.CD_ROM|Mixed Platforms.ActiveCfg = Release|Any CPU
		{2F89C5FC-DBDB-48BF-A9CB-691F1346A9F2}.CD_ROM|Mixed Platforms.Build.0 = Release|Any CPU
		{2F89C5FC-DBDB-48BF-A9CB-691F1346A9F2}.CD_ROM|x86.ActiveCfg = Release|Any CPU
		{2F89C5FC-DBDB-48BF-A9CB-691F1346A9F2}.Debug|Any CPU.ActiveCfg = Debug|Any CPU
		{2F89C5FC-DBDB-48BF-A9CB-691F1346A9F2}.Debug|Any CPU.Build.0 = Debug|Any CPU
		{2F89C5FC-DBDB-48BF-A9CB-691F1346A9F2}.Debug|Mixed Platforms.ActiveCfg = Debug|Any CPU
		{2F89C5FC-DBDB-48BF-A9CB-691F1346A9F2}.Debug|Mixed Platforms.Build.0 = Debug|Any CPU
		{2F89C5FC-DBDB-48BF-A9CB-691F1346A9F2}.Debug|x86.ActiveCfg = Debug|Any CPU
		{2F89C5FC-DBDB-48BF-A9CB-691F1346A9F2}.DVD-5|Any CPU.ActiveCfg = Debug|Any CPU
		{2F89C5FC-DBDB-48BF-A9CB-691F1346A9F2}.DVD-5|Any CPU.Build.0 = Debug|Any CPU
		{2F89C5FC-DBDB-48BF-A9CB-691F1346A9F2}.DVD-5|Mixed Platforms.ActiveCfg = Debug|Any CPU
		{2F89C5FC-DBDB-48BF-A9CB-691F1346A9F2}.DVD-5|Mixed Platforms.Build.0 = Debug|Any CPU
		{2F89C5FC-DBDB-48BF-A9CB-691F1346A9F2}.DVD-5|x86.ActiveCfg = Debug|Any CPU
		{2F89C5FC-DBDB-48BF-A9CB-691F1346A9F2}.Release|Any CPU.ActiveCfg = Release|Any CPU
		{2F89C5FC-DBDB-48BF-A9CB-691F1346A9F2}.Release|Any CPU.Build.0 = Release|Any CPU
		{2F89C5FC-DBDB-48BF-A9CB-691F1346A9F2}.Release|Mixed Platforms.ActiveCfg = Release|Any CPU
		{2F89C5FC-DBDB-48BF-A9CB-691F1346A9F2}.Release|Mixed Platforms.Build.0 = Release|Any CPU
		{2F89C5FC-DBDB-48BF-A9CB-691F1346A9F2}.Release|x86.ActiveCfg = Release|Any CPU
		{2F89C5FC-DBDB-48BF-A9CB-691F1346A9F2}.SingleImage|Any CPU.ActiveCfg = Release|Any CPU
		{2F89C5FC-DBDB-48BF-A9CB-691F1346A9F2}.SingleImage|Any CPU.Build.0 = Release|Any CPU
		{2F89C5FC-DBDB-48BF-A9CB-691F1346A9F2}.SingleImage|Mixed Platforms.ActiveCfg = Release|Any CPU
		{2F89C5FC-DBDB-48BF-A9CB-691F1346A9F2}.SingleImage|Mixed Platforms.Build.0 = Release|Any CPU
		{2F89C5FC-DBDB-48BF-A9CB-691F1346A9F2}.SingleImage|x86.ActiveCfg = Release|Any CPU
		{9CE7B523-59DF-41FB-971C-209333EC894C}.CD_ROM|Any CPU.ActiveCfg = Release|Any CPU
		{9CE7B523-59DF-41FB-971C-209333EC894C}.CD_ROM|Any CPU.Build.0 = Release|Any CPU
		{9CE7B523-59DF-41FB-971C-209333EC894C}.CD_ROM|Mixed Platforms.ActiveCfg = Release|Any CPU
		{9CE7B523-59DF-41FB-971C-209333EC894C}.CD_ROM|Mixed Platforms.Build.0 = Release|Any CPU
		{9CE7B523-59DF-41FB-971C-209333EC894C}.CD_ROM|x86.ActiveCfg = Release|Any CPU
		{9CE7B523-59DF-41FB-971C-209333EC894C}.Debug|Any CPU.ActiveCfg = Debug|Any CPU
		{9CE7B523-59DF-41FB-971C-209333EC894C}.Debug|Any CPU.Build.0 = Debug|Any CPU
		{9CE7B523-59DF-41FB-971C-209333EC894C}.Debug|Mixed Platforms.ActiveCfg = Debug|Any CPU
		{9CE7B523-59DF-41FB-971C-209333EC894C}.Debug|Mixed Platforms.Build.0 = Debug|Any CPU
		{9CE7B523-59DF-41FB-971C-209333EC894C}.Debug|x86.ActiveCfg = Debug|Any CPU
		{9CE7B523-59DF-41FB-971C-209333EC894C}.DVD-5|Any CPU.ActiveCfg = Debug|Any CPU
		{9CE7B523-59DF-41FB-971C-209333EC894C}.DVD-5|Any CPU.Build.0 = Debug|Any CPU
		{9CE7B523-59DF-41FB-971C-209333EC894C}.DVD-5|Mixed Platforms.ActiveCfg = Debug|Any CPU
		{9CE7B523-59DF-41FB-971C-209333EC894C}.DVD-5|Mixed Platforms.Build.0 = Debug|Any CPU
		{9CE7B523-59DF-41FB-971C-209333EC894C}.DVD-5|x86.ActiveCfg = Debug|Any CPU
		{9CE7B523-59DF-41FB-971C-209333EC894C}.Release|Any CPU.ActiveCfg = Release|Any CPU
		{9CE7B523-59DF-41FB-971C-209333EC894C}.Release|Any CPU.Build.0 = Release|Any CPU
		{9CE7B523-59DF-41FB-971C-209333EC894C}.Release|Mixed Platforms.ActiveCfg = Release|Any CPU
		{9CE7B523-59DF-41FB-971C-209333EC894C}.Release|Mixed Platforms.Build.0 = Release|Any CPU
		{9CE7B523-59DF-41FB-971C-209333EC894C}.Release|x86.ActiveCfg = Release|Any CPU
		{9CE7B523-59DF-41FB-971C-209333EC894C}.SingleImage|Any CPU.ActiveCfg = Release|Any CPU
		{9CE7B523-59DF-41FB-971C-209333EC894C}.SingleImage|Any CPU.Build.0 = Release|Any CPU
		{9CE7B523-59DF-41FB-971C-209333EC894C}.SingleImage|Mixed Platforms.ActiveCfg = Release|Any CPU
		{9CE7B523-59DF-41FB-971C-209333EC894C}.SingleImage|Mixed Platforms.Build.0 = Release|Any CPU
		{9CE7B523-59DF-41FB-971C-209333EC894C}.SingleImage|x86.ActiveCfg = Release|Any CPU
		{D46B1236-226C-4C8E-AE12-515BFEB96CA4}.CD_ROM|Any CPU.ActiveCfg = Release|Any CPU
		{D46B1236-226C-4C8E-AE12-515BFEB96CA4}.CD_ROM|Any CPU.Build.0 = Release|Any CPU
		{D46B1236-226C-4C8E-AE12-515BFEB96CA4}.CD_ROM|Mixed Platforms.ActiveCfg = Release|Any CPU
		{D46B1236-226C-4C8E-AE12-515BFEB96CA4}.CD_ROM|Mixed Platforms.Build.0 = Release|Any CPU
		{D46B1236-226C-4C8E-AE12-515BFEB96CA4}.CD_ROM|x86.ActiveCfg = Release|Any CPU
		{D46B1236-226C-4C8E-AE12-515BFEB96CA4}.Debug|Any CPU.ActiveCfg = Debug|Any CPU
		{D46B1236-226C-4C8E-AE12-515BFEB96CA4}.Debug|Any CPU.Build.0 = Debug|Any CPU
		{D46B1236-226C-4C8E-AE12-515BFEB96CA4}.Debug|Mixed Platforms.ActiveCfg = Debug|Any CPU
		{D46B1236-226C-4C8E-AE12-515BFEB96CA4}.Debug|Mixed Platforms.Build.0 = Debug|Any CPU
		{D46B1236-226C-4C8E-AE12-515BFEB96CA4}.Debug|x86.ActiveCfg = Debug|Any CPU
		{D46B1236-226C-4C8E-AE12-515BFEB96CA4}.DVD-5|Any CPU.ActiveCfg = Debug|Any CPU
		{D46B1236-226C-4C8E-AE12-515BFEB96CA4}.DVD-5|Any CPU.Build.0 = Debug|Any CPU
		{D46B1236-226C-4C8E-AE12-515BFEB96CA4}.DVD-5|Mixed Platforms.ActiveCfg = Debug|Any CPU
		{D46B1236-226C-4C8E-AE12-515BFEB96CA4}.DVD-5|Mixed Platforms.Build.0 = Debug|Any CPU
		{D46B1236-226C-4C8E-AE12-515BFEB96CA4}.DVD-5|x86.ActiveCfg = Debug|Any CPU
		{D46B1236-226C-4C8E-AE12-515BFEB96CA4}.Release|Any CPU.ActiveCfg = Release|Any CPU
		{D46B1236-226C-4C8E-AE12-515BFEB96CA4}.Release|Any CPU.Build.0 = Release|Any CPU
		{D46B1236-226C-4C8E-AE12-515BFEB96CA4}.Release|Mixed Platforms.ActiveCfg = Release|Any CPU
		{D46B1236-226C-4C8E-AE12-515BFEB96CA4}.Release|Mixed Platforms.Build.0 = Release|Any CPU
		{D46B1236-226C-4C8E-AE12-515BFEB96CA4}.Release|x86.ActiveCfg = Release|Any CPU
		{D46B1236-226C-4C8E-AE12-515BFEB96CA4}.SingleImage|Any CPU.ActiveCfg = Release|Any CPU
		{D46B1236-226C-4C8E-AE12-515BFEB96CA4}.SingleImage|Any CPU.Build.0 = Release|Any CPU
		{D46B1236-226C-4C8E-AE12-515BFEB96CA4}.SingleImage|Mixed Platforms.ActiveCfg = Release|Any CPU
		{D46B1236-226C-4C8E-AE12-515BFEB96CA4}.SingleImage|Mixed Platforms.Build.0 = Release|Any CPU
		{D46B1236-226C-4C8E-AE12-515BFEB96CA4}.SingleImage|x86.ActiveCfg = Release|Any CPU
		{25805C34-A67D-4692-8F85-093A65FCE913}.CD_ROM|Any CPU.ActiveCfg = Release|Any CPU
		{25805C34-A67D-4692-8F85-093A65FCE913}.CD_ROM|Any CPU.Build.0 = Release|Any CPU
		{25805C34-A67D-4692-8F85-093A65FCE913}.CD_ROM|Mixed Platforms.ActiveCfg = Release|Any CPU
		{25805C34-A67D-4692-8F85-093A65FCE913}.CD_ROM|Mixed Platforms.Build.0 = Release|Any CPU
		{25805C34-A67D-4692-8F85-093A65FCE913}.CD_ROM|x86.ActiveCfg = Release|Any CPU
		{25805C34-A67D-4692-8F85-093A65FCE913}.Debug|Any CPU.ActiveCfg = Debug|Any CPU
		{25805C34-A67D-4692-8F85-093A65FCE913}.Debug|Any CPU.Build.0 = Debug|Any CPU
		{25805C34-A67D-4692-8F85-093A65FCE913}.Debug|Mixed Platforms.ActiveCfg = Debug|Any CPU
		{25805C34-A67D-4692-8F85-093A65FCE913}.Debug|Mixed Platforms.Build.0 = Debug|Any CPU
		{25805C34-A67D-4692-8F85-093A65FCE913}.Debug|x86.ActiveCfg = Debug|Any CPU
		{25805C34-A67D-4692-8F85-093A65FCE913}.DVD-5|Any CPU.ActiveCfg = Debug|Any CPU
		{25805C34-A67D-4692-8F85-093A65FCE913}.DVD-5|Any CPU.Build.0 = Debug|Any CPU
		{25805C34-A67D-4692-8F85-093A65FCE913}.DVD-5|Mixed Platforms.ActiveCfg = Debug|Any CPU
		{25805C34-A67D-4692-8F85-093A65FCE913}.DVD-5|Mixed Platforms.Build.0 = Debug|Any CPU
		{25805C34-A67D-4692-8F85-093A65FCE913}.DVD-5|x86.ActiveCfg = Debug|Any CPU
		{25805C34-A67D-4692-8F85-093A65FCE913}.Release|Any CPU.ActiveCfg = Release|Any CPU
		{25805C34-A67D-4692-8F85-093A65FCE913}.Release|Any CPU.Build.0 = Release|Any CPU
		{25805C34-A67D-4692-8F85-093A65FCE913}.Release|Mixed Platforms.ActiveCfg = Release|Any CPU
		{25805C34-A67D-4692-8F85-093A65FCE913}.Release|Mixed Platforms.Build.0 = Release|Any CPU
		{25805C34-A67D-4692-8F85-093A65FCE913}.Release|x86.ActiveCfg = Release|Any CPU
		{25805C34-A67D-4692-8F85-093A65FCE913}.SingleImage|Any CPU.ActiveCfg = Release|Any CPU
		{25805C34-A67D-4692-8F85-093A65FCE913}.SingleImage|Any CPU.Build.0 = Release|Any CPU
		{25805C34-A67D-4692-8F85-093A65FCE913}.SingleImage|Mixed Platforms.ActiveCfg = Release|Any CPU
		{25805C34-A67D-4692-8F85-093A65FCE913}.SingleImage|Mixed Platforms.Build.0 = Release|Any CPU
		{25805C34-A67D-4692-8F85-093A65FCE913}.SingleImage|x86.ActiveCfg = Release|Any CPU
		{5927D730-4BAE-4AD0-A5D9-C6A8FA1C6D3E}.CD_ROM|Any CPU.ActiveCfg = Release|x86
		{5927D730-4BAE-4AD0-A5D9-C6A8FA1C6D3E}.CD_ROM|Mixed Platforms.ActiveCfg = Release|x86
		{5927D730-4BAE-4AD0-A5D9-C6A8FA1C6D3E}.CD_ROM|Mixed Platforms.Build.0 = Release|x86
		{5927D730-4BAE-4AD0-A5D9-C6A8FA1C6D3E}.CD_ROM|x86.ActiveCfg = Release|x86
		{5927D730-4BAE-4AD0-A5D9-C6A8FA1C6D3E}.CD_ROM|x86.Build.0 = Release|x86
		{5927D730-4BAE-4AD0-A5D9-C6A8FA1C6D3E}.Debug|Any CPU.ActiveCfg = Debug|x86
		{5927D730-4BAE-4AD0-A5D9-C6A8FA1C6D3E}.Debug|Mixed Platforms.ActiveCfg = Debug|x86
		{5927D730-4BAE-4AD0-A5D9-C6A8FA1C6D3E}.Debug|Mixed Platforms.Build.0 = Debug|x86
		{5927D730-4BAE-4AD0-A5D9-C6A8FA1C6D3E}.Debug|x86.ActiveCfg = Debug|x86
		{5927D730-4BAE-4AD0-A5D9-C6A8FA1C6D3E}.Debug|x86.Build.0 = Debug|x86
		{5927D730-4BAE-4AD0-A5D9-C6A8FA1C6D3E}.DVD-5|Any CPU.ActiveCfg = Debug|x86
		{5927D730-4BAE-4AD0-A5D9-C6A8FA1C6D3E}.DVD-5|Mixed Platforms.ActiveCfg = Debug|x86
		{5927D730-4BAE-4AD0-A5D9-C6A8FA1C6D3E}.DVD-5|Mixed Platforms.Build.0 = Debug|x86
		{5927D730-4BAE-4AD0-A5D9-C6A8FA1C6D3E}.DVD-5|x86.ActiveCfg = Debug|x86
		{5927D730-4BAE-4AD0-A5D9-C6A8FA1C6D3E}.DVD-5|x86.Build.0 = Debug|x86
		{5927D730-4BAE-4AD0-A5D9-C6A8FA1C6D3E}.Release|Any CPU.ActiveCfg = Release|x86
		{5927D730-4BAE-4AD0-A5D9-C6A8FA1C6D3E}.Release|Mixed Platforms.ActiveCfg = Release|x86
		{5927D730-4BAE-4AD0-A5D9-C6A8FA1C6D3E}.Release|Mixed Platforms.Build.0 = Release|x86
		{5927D730-4BAE-4AD0-A5D9-C6A8FA1C6D3E}.Release|x86.ActiveCfg = Release|x86
		{5927D730-4BAE-4AD0-A5D9-C6A8FA1C6D3E}.Release|x86.Build.0 = Release|x86
		{5927D730-4BAE-4AD0-A5D9-C6A8FA1C6D3E}.SingleImage|Any CPU.ActiveCfg = Release|x86
		{5927D730-4BAE-4AD0-A5D9-C6A8FA1C6D3E}.SingleImage|Mixed Platforms.ActiveCfg = Release|x86
		{5927D730-4BAE-4AD0-A5D9-C6A8FA1C6D3E}.SingleImage|Mixed Platforms.Build.0 = Release|x86
		{5927D730-4BAE-4AD0-A5D9-C6A8FA1C6D3E}.SingleImage|x86.ActiveCfg = Release|x86
		{5927D730-4BAE-4AD0-A5D9-C6A8FA1C6D3E}.SingleImage|x86.Build.0 = Release|x86
		{05112523-7ED6-4744-812F-F55C5F9B9301}.CD_ROM|Any CPU.ActiveCfg = Release|Any CPU
		{05112523-7ED6-4744-812F-F55C5F9B9301}.CD_ROM|Any CPU.Build.0 = Release|Any CPU
		{05112523-7ED6-4744-812F-F55C5F9B9301}.CD_ROM|Mixed Platforms.ActiveCfg = Release|Any CPU
		{05112523-7ED6-4744-812F-F55C5F9B9301}.CD_ROM|Mixed Platforms.Build.0 = Release|Any CPU
		{05112523-7ED6-4744-812F-F55C5F9B9301}.CD_ROM|x86.ActiveCfg = Release|Any CPU
		{05112523-7ED6-4744-812F-F55C5F9B9301}.Debug|Any CPU.ActiveCfg = Debug|Any CPU
		{05112523-7ED6-4744-812F-F55C5F9B9301}.Debug|Any CPU.Build.0 = Debug|Any CPU
		{05112523-7ED6-4744-812F-F55C5F9B9301}.Debug|Mixed Platforms.ActiveCfg = Debug|Any CPU
		{05112523-7ED6-4744-812F-F55C5F9B9301}.Debug|Mixed Platforms.Build.0 = Debug|Any CPU
		{05112523-7ED6-4744-812F-F55C5F9B9301}.Debug|x86.ActiveCfg = Debug|Any CPU
		{05112523-7ED6-4744-812F-F55C5F9B9301}.DVD-5|Any CPU.ActiveCfg = Debug|Any CPU
		{05112523-7ED6-4744-812F-F55C5F9B9301}.DVD-5|Any CPU.Build.0 = Debug|Any CPU
		{05112523-7ED6-4744-812F-F55C5F9B9301}.DVD-5|Mixed Platforms.ActiveCfg = Debug|Any CPU
		{05112523-7ED6-4744-812F-F55C5F9B9301}.DVD-5|Mixed Platforms.Build.0 = Debug|Any CPU
		{05112523-7ED6-4744-812F-F55C5F9B9301}.DVD-5|x86.ActiveCfg = Debug|Any CPU
		{05112523-7ED6-4744-812F-F55C5F9B9301}.Release|Any CPU.ActiveCfg = Release|Any CPU
		{05112523-7ED6-4744-812F-F55C5F9B9301}.Release|Any CPU.Build.0 = Release|Any CPU
		{05112523-7ED6-4744-812F-F55C5F9B9301}.Release|Mixed Platforms.ActiveCfg = Release|Any CPU
		{05112523-7ED6-4744-812F-F55C5F9B9301}.Release|Mixed Platforms.Build.0 = Release|Any CPU
		{05112523-7ED6-4744-812F-F55C5F9B9301}.Release|x86.ActiveCfg = Release|Any CPU
		{05112523-7ED6-4744-812F-F55C5F9B9301}.SingleImage|Any CPU.ActiveCfg = Release|Any CPU
		{05112523-7ED6-4744-812F-F55C5F9B9301}.SingleImage|Any CPU.Build.0 = Release|Any CPU
		{05112523-7ED6-4744-812F-F55C5F9B9301}.SingleImage|Mixed Platforms.ActiveCfg = Release|Any CPU
		{05112523-7ED6-4744-812F-F55C5F9B9301}.SingleImage|Mixed Platforms.Build.0 = Release|Any CPU
		{05112523-7ED6-4744-812F-F55C5F9B9301}.SingleImage|x86.ActiveCfg = Release|Any CPU
		{C60293C0-514C-4AB1-88BC-4BCFAABCF42E}.CD_ROM|Any CPU.ActiveCfg = Debug|Any CPU
		{C60293C0-514C-4AB1-88BC-4BCFAABCF42E}.CD_ROM|Any CPU.Build.0 = Debug|Any CPU
		{C60293C0-514C-4AB1-88BC-4BCFAABCF42E}.CD_ROM|Mixed Platforms.ActiveCfg = Debug|Any CPU
		{C60293C0-514C-4AB1-88BC-4BCFAABCF42E}.CD_ROM|Mixed Platforms.Build.0 = Debug|Any CPU
		{C60293C0-514C-4AB1-88BC-4BCFAABCF42E}.CD_ROM|x86.ActiveCfg = Debug|Any CPU
		{C60293C0-514C-4AB1-88BC-4BCFAABCF42E}.Debug|Any CPU.ActiveCfg = Debug|Any CPU
		{C60293C0-514C-4AB1-88BC-4BCFAABCF42E}.Debug|Any CPU.Build.0 = Debug|Any CPU
		{C60293C0-514C-4AB1-88BC-4BCFAABCF42E}.Debug|Mixed Platforms.ActiveCfg = Debug|Any CPU
		{C60293C0-514C-4AB1-88BC-4BCFAABCF42E}.Debug|Mixed Platforms.Build.0 = Debug|Any CPU
		{C60293C0-514C-4AB1-88BC-4BCFAABCF42E}.Debug|x86.ActiveCfg = Debug|Any CPU
		{C60293C0-514C-4AB1-88BC-4BCFAABCF42E}.DVD-5|Any CPU.ActiveCfg = Debug|Any CPU
		{C60293C0-514C-4AB1-88BC-4BCFAABCF42E}.DVD-5|Any CPU.Build.0 = Debug|Any CPU
		{C60293C0-514C-4AB1-88BC-4BCFAABCF42E}.DVD-5|Mixed Platforms.ActiveCfg = Debug|Any CPU
		{C60293C0-514C-4AB1-88BC-4BCFAABCF42E}.DVD-5|Mixed Platforms.Build.0 = Debug|Any CPU
		{C60293C0-514C-4AB1-88BC-4BCFAABCF42E}.DVD-5|x86.ActiveCfg = Debug|Any CPU
		{C60293C0-514C-4AB1-88BC-4BCFAABCF42E}.Release|Any CPU.ActiveCfg = Debug|Any CPU
		{C60293C0-514C-4AB1-88BC-4BCFAABCF42E}.Release|Any CPU.Build.0 = Debug|Any CPU
		{C60293C0-514C-4AB1-88BC-4BCFAABCF42E}.Release|Mixed Platforms.ActiveCfg = Debug|Any CPU
		{C60293C0-514C-4AB1-88BC-4BCFAABCF42E}.Release|Mixed Platforms.Build.0 = Debug|Any CPU
		{C60293C0-514C-4AB1-88BC-4BCFAABCF42E}.Release|x86.ActiveCfg = Debug|Any CPU
		{C60293C0-514C-4AB1-88BC-4BCFAABCF42E}.SingleImage|Any CPU.ActiveCfg = Debug|Any CPU
		{C60293C0-514C-4AB1-88BC-4BCFAABCF42E}.SingleImage|Any CPU.Build.0 = Debug|Any CPU
		{C60293C0-514C-4AB1-88BC-4BCFAABCF42E}.SingleImage|Mixed Platforms.ActiveCfg = Debug|Any CPU
		{C60293C0-514C-4AB1-88BC-4BCFAABCF42E}.SingleImage|Mixed Platforms.Build.0 = Debug|Any CPU
		{C60293C0-514C-4AB1-88BC-4BCFAABCF42E}.SingleImage|x86.ActiveCfg = Debug|Any CPU
		{1065FF41-D215-4A01-A709-6A352958461C}.CD_ROM|Any CPU.ActiveCfg = Release|Any CPU
		{1065FF41-D215-4A01-A709-6A352958461C}.CD_ROM|Any CPU.Build.0 = Release|Any CPU
		{1065FF41-D215-4A01-A709-6A352958461C}.CD_ROM|Mixed Platforms.ActiveCfg = Release|Any CPU
		{1065FF41-D215-4A01-A709-6A352958461C}.CD_ROM|Mixed Platforms.Build.0 = Release|Any CPU
		{1065FF41-D215-4A01-A709-6A352958461C}.CD_ROM|x86.ActiveCfg = Release|Any CPU
		{1065FF41-D215-4A01-A709-6A352958461C}.Debug|Any CPU.ActiveCfg = Debug|Any CPU
		{1065FF41-D215-4A01-A709-6A352958461C}.Debug|Any CPU.Build.0 = Debug|Any CPU
		{1065FF41-D215-4A01-A709-6A352958461C}.Debug|Mixed Platforms.ActiveCfg = Debug|Any CPU
		{1065FF41-D215-4A01-A709-6A352958461C}.Debug|Mixed Platforms.Build.0 = Debug|Any CPU
		{1065FF41-D215-4A01-A709-6A352958461C}.Debug|x86.ActiveCfg = Debug|Any CPU
		{1065FF41-D215-4A01-A709-6A352958461C}.DVD-5|Any CPU.ActiveCfg = Debug|Any CPU
		{1065FF41-D215-4A01-A709-6A352958461C}.DVD-5|Any CPU.Build.0 = Debug|Any CPU
		{1065FF41-D215-4A01-A709-6A352958461C}.DVD-5|Mixed Platforms.ActiveCfg = Debug|Any CPU
		{1065FF41-D215-4A01-A709-6A352958461C}.DVD-5|Mixed Platforms.Build.0 = Debug|Any CPU
		{1065FF41-D215-4A01-A709-6A352958461C}.DVD-5|x86.ActiveCfg = Debug|Any CPU
		{1065FF41-D215-4A01-A709-6A352958461C}.Release|Any CPU.ActiveCfg = Release|Any CPU
		{1065FF41-D215-4A01-A709-6A352958461C}.Release|Any CPU.Build.0 = Release|Any CPU
		{1065FF41-D215-4A01-A709-6A352958461C}.Release|Mixed Platforms.ActiveCfg = Release|Any CPU
		{1065FF41-D215-4A01-A709-6A352958461C}.Release|Mixed Platforms.Build.0 = Release|Any CPU
		{1065FF41-D215-4A01-A709-6A352958461C}.Release|x86.ActiveCfg = Release|Any CPU
		{1065FF41-D215-4A01-A709-6A352958461C}.SingleImage|Any CPU.ActiveCfg = Release|Any CPU
		{1065FF41-D215-4A01-A709-6A352958461C}.SingleImage|Any CPU.Build.0 = Release|Any CPU
		{1065FF41-D215-4A01-A709-6A352958461C}.SingleImage|Mixed Platforms.ActiveCfg = Release|Any CPU
		{1065FF41-D215-4A01-A709-6A352958461C}.SingleImage|Mixed Platforms.Build.0 = Release|Any CPU
		{1065FF41-D215-4A01-A709-6A352958461C}.SingleImage|x86.ActiveCfg = Release|Any CPU
		{120701E0-B389-4AED-9D35-6248712C2FDA}.CD_ROM|Any CPU.ActiveCfg = Release|Any CPU
		{120701E0-B389-4AED-9D35-6248712C2FDA}.CD_ROM|Any CPU.Build.0 = Release|Any CPU
		{120701E0-B389-4AED-9D35-6248712C2FDA}.CD_ROM|Mixed Platforms.ActiveCfg = Release|Any CPU
		{120701E0-B389-4AED-9D35-6248712C2FDA}.CD_ROM|Mixed Platforms.Build.0 = Release|Any CPU
		{120701E0-B389-4AED-9D35-6248712C2FDA}.CD_ROM|x86.ActiveCfg = Release|Any CPU
		{120701E0-B389-4AED-9D35-6248712C2FDA}.Debug|Any CPU.ActiveCfg = Debug|Any CPU
		{120701E0-B389-4AED-9D35-6248712C2FDA}.Debug|Any CPU.Build.0 = Debug|Any CPU
		{120701E0-B389-4AED-9D35-6248712C2FDA}.Debug|Mixed Platforms.ActiveCfg = Debug|Any CPU
		{120701E0-B389-4AED-9D35-6248712C2FDA}.Debug|Mixed Platforms.Build.0 = Debug|Any CPU
		{120701E0-B389-4AED-9D35-6248712C2FDA}.Debug|x86.ActiveCfg = Debug|Any CPU
		{120701E0-B389-4AED-9D35-6248712C2FDA}.DVD-5|Any CPU.ActiveCfg = Debug|Any CPU
		{120701E0-B389-4AED-9D35-6248712C2FDA}.DVD-5|Any CPU.Build.0 = Debug|Any CPU
		{120701E0-B389-4AED-9D35-6248712C2FDA}.DVD-5|Mixed Platforms.ActiveCfg = Debug|Any CPU
		{120701E0-B389-4AED-9D35-6248712C2FDA}.DVD-5|Mixed Platforms.Build.0 = Debug|Any CPU
		{120701E0-B389-4AED-9D35-6248712C2FDA}.DVD-5|x86.ActiveCfg = Debug|Any CPU
		{120701E0-B389-4AED-9D35-6248712C2FDA}.Release|Any CPU.ActiveCfg = Release|Any CPU
		{120701E0-B389-4AED-9D35-6248712C2FDA}.Release|Any CPU.Build.0 = Release|Any CPU
		{120701E0-B389-4AED-9D35-6248712C2FDA}.Release|Mixed Platforms.ActiveCfg = Release|Any CPU
		{120701E0-B389-4AED-9D35-6248712C2FDA}.Release|Mixed Platforms.Build.0 = Release|Any CPU
		{120701E0-B389-4AED-9D35-6248712C2FDA}.Release|x86.ActiveCfg = Release|Any CPU
		{120701E0-B389-4AED-9D35-6248712C2FDA}.SingleImage|Any CPU.ActiveCfg = Release|Any CPU
		{120701E0-B389-4AED-9D35-6248712C2FDA}.SingleImage|Any CPU.Build.0 = Release|Any CPU
		{120701E0-B389-4AED-9D35-6248712C2FDA}.SingleImage|Mixed Platforms.ActiveCfg = Release|Any CPU
		{120701E0-B389-4AED-9D35-6248712C2FDA}.SingleImage|Mixed Platforms.Build.0 = Release|Any CPU
		{120701E0-B389-4AED-9D35-6248712C2FDA}.SingleImage|x86.ActiveCfg = Release|Any CPU
		{365E45B9-ECEB-486B-A0A6-11CBBE12661F}.CD_ROM|Any CPU.ActiveCfg = Release|Any CPU
		{365E45B9-ECEB-486B-A0A6-11CBBE12661F}.CD_ROM|Any CPU.Build.0 = Release|Any CPU
		{365E45B9-ECEB-486B-A0A6-11CBBE12661F}.CD_ROM|Mixed Platforms.ActiveCfg = Release|Any CPU
		{365E45B9-ECEB-486B-A0A6-11CBBE12661F}.CD_ROM|Mixed Platforms.Build.0 = Release|Any CPU
		{365E45B9-ECEB-486B-A0A6-11CBBE12661F}.CD_ROM|x86.ActiveCfg = Release|Any CPU
		{365E45B9-ECEB-486B-A0A6-11CBBE12661F}.Debug|Any CPU.ActiveCfg = Debug|Any CPU
		{365E45B9-ECEB-486B-A0A6-11CBBE12661F}.Debug|Any CPU.Build.0 = Debug|Any CPU
		{365E45B9-ECEB-486B-A0A6-11CBBE12661F}.Debug|Mixed Platforms.ActiveCfg = Debug|Any CPU
		{365E45B9-ECEB-486B-A0A6-11CBBE12661F}.Debug|Mixed Platforms.Build.0 = Debug|Any CPU
		{365E45B9-ECEB-486B-A0A6-11CBBE12661F}.Debug|x86.ActiveCfg = Debug|Any CPU
		{365E45B9-ECEB-486B-A0A6-11CBBE12661F}.DVD-5|Any CPU.ActiveCfg = Debug|Any CPU
		{365E45B9-ECEB-486B-A0A6-11CBBE12661F}.DVD-5|Any CPU.Build.0 = Debug|Any CPU
		{365E45B9-ECEB-486B-A0A6-11CBBE12661F}.DVD-5|Mixed Platforms.ActiveCfg = Debug|Any CPU
		{365E45B9-ECEB-486B-A0A6-11CBBE12661F}.DVD-5|Mixed Platforms.Build.0 = Debug|Any CPU
		{365E45B9-ECEB-486B-A0A6-11CBBE12661F}.DVD-5|x86.ActiveCfg = Debug|Any CPU
		{365E45B9-ECEB-486B-A0A6-11CBBE12661F}.Release|Any CPU.ActiveCfg = Release|Any CPU
		{365E45B9-ECEB-486B-A0A6-11CBBE12661F}.Release|Any CPU.Build.0 = Release|Any CPU
		{365E45B9-ECEB-486B-A0A6-11CBBE12661F}.Release|Mixed Platforms.ActiveCfg = Release|Any CPU
		{365E45B9-ECEB-486B-A0A6-11CBBE12661F}.Release|Mixed Platforms.Build.0 = Release|Any CPU
		{365E45B9-ECEB-486B-A0A6-11CBBE12661F}.Release|x86.ActiveCfg = Release|Any CPU
		{365E45B9-ECEB-486B-A0A6-11CBBE12661F}.SingleImage|Any CPU.ActiveCfg = Release|Any CPU
		{365E45B9-ECEB-486B-A0A6-11CBBE12661F}.SingleImage|Any CPU.Build.0 = Release|Any CPU
		{365E45B9-ECEB-486B-A0A6-11CBBE12661F}.SingleImage|Mixed Platforms.ActiveCfg = Release|Any CPU
		{365E45B9-ECEB-486B-A0A6-11CBBE12661F}.SingleImage|Mixed Platforms.Build.0 = Release|Any CPU
		{365E45B9-ECEB-486B-A0A6-11CBBE12661F}.SingleImage|x86.ActiveCfg = Release|Any CPU
		{45AD1FD2-0CDE-41A0-B5F5-F2A51E1A9B48}.CD_ROM|Any CPU.ActiveCfg = CD_ROM
		{45AD1FD2-0CDE-41A0-B5F5-F2A51E1A9B48}.CD_ROM|Any CPU.Build.0 = CD_ROM
		{45AD1FD2-0CDE-41A0-B5F5-F2A51E1A9B48}.CD_ROM|Mixed Platforms.ActiveCfg = CD_ROM
		{45AD1FD2-0CDE-41A0-B5F5-F2A51E1A9B48}.CD_ROM|Mixed Platforms.Build.0 = CD_ROM
		{45AD1FD2-0CDE-41A0-B5F5-F2A51E1A9B48}.CD_ROM|x86.ActiveCfg = CD_ROM
		{45AD1FD2-0CDE-41A0-B5F5-F2A51E1A9B48}.CD_ROM|x86.Build.0 = CD_ROM
		{45AD1FD2-0CDE-41A0-B5F5-F2A51E1A9B48}.Debug|Any CPU.ActiveCfg = DVD-5
		{45AD1FD2-0CDE-41A0-B5F5-F2A51E1A9B48}.Debug|Any CPU.Build.0 = DVD-5
		{45AD1FD2-0CDE-41A0-B5F5-F2A51E1A9B48}.Debug|Mixed Platforms.ActiveCfg = DVD-5
		{45AD1FD2-0CDE-41A0-B5F5-F2A51E1A9B48}.Debug|Mixed Platforms.Build.0 = DVD-5
		{45AD1FD2-0CDE-41A0-B5F5-F2A51E1A9B48}.Debug|x86.ActiveCfg = DVD-5
		{45AD1FD2-0CDE-41A0-B5F5-F2A51E1A9B48}.Debug|x86.Build.0 = DVD-5
		{45AD1FD2-0CDE-41A0-B5F5-F2A51E1A9B48}.DVD-5|Any CPU.ActiveCfg = DVD-5
		{45AD1FD2-0CDE-41A0-B5F5-F2A51E1A9B48}.DVD-5|Any CPU.Build.0 = DVD-5
		{45AD1FD2-0CDE-41A0-B5F5-F2A51E1A9B48}.DVD-5|Mixed Platforms.ActiveCfg = DVD-5
		{45AD1FD2-0CDE-41A0-B5F5-F2A51E1A9B48}.DVD-5|Mixed Platforms.Build.0 = DVD-5
		{45AD1FD2-0CDE-41A0-B5F5-F2A51E1A9B48}.DVD-5|x86.ActiveCfg = DVD-5
		{45AD1FD2-0CDE-41A0-B5F5-F2A51E1A9B48}.DVD-5|x86.Build.0 = DVD-5
		{45AD1FD2-0CDE-41A0-B5F5-F2A51E1A9B48}.Release|Any CPU.ActiveCfg = SingleImage
		{45AD1FD2-0CDE-41A0-B5F5-F2A51E1A9B48}.Release|Any CPU.Build.0 = SingleImage
		{45AD1FD2-0CDE-41A0-B5F5-F2A51E1A9B48}.Release|Mixed Platforms.ActiveCfg = SingleImage
		{45AD1FD2-0CDE-41A0-B5F5-F2A51E1A9B48}.Release|Mixed Platforms.Build.0 = SingleImage
		{45AD1FD2-0CDE-41A0-B5F5-F2A51E1A9B48}.Release|x86.ActiveCfg = SingleImage
		{45AD1FD2-0CDE-41A0-B5F5-F2A51E1A9B48}.Release|x86.Build.0 = SingleImage
		{45AD1FD2-0CDE-41A0-B5F5-F2A51E1A9B48}.SingleImage|Any CPU.ActiveCfg = SingleImage
		{45AD1FD2-0CDE-41A0-B5F5-F2A51E1A9B48}.SingleImage|Any CPU.Build.0 = SingleImage
		{45AD1FD2-0CDE-41A0-B5F5-F2A51E1A9B48}.SingleImage|Mixed Platforms.ActiveCfg = SingleImage
		{45AD1FD2-0CDE-41A0-B5F5-F2A51E1A9B48}.SingleImage|Mixed Platforms.Build.0 = SingleImage
		{45AD1FD2-0CDE-41A0-B5F5-F2A51E1A9B48}.SingleImage|x86.ActiveCfg = SingleImage
		{45AD1FD2-0CDE-41A0-B5F5-F2A51E1A9B48}.SingleImage|x86.Build.0 = SingleImage
	EndGlobalSection
	GlobalSection(SolutionProperties) = preSolution
		HideSolutionNode = FALSE
	EndGlobalSection
EndGlobal
